
Microsoft Visual Studio Solution File, Format Version 12.00
# Visual Studio Version 17
VisualStudioVersion = 17.7.34202.233
MinimumVisualStudioVersion = 10.0.40219.1
Project("{8BC9CEB8-8B4A-11D0-8D11-00A0C91BC942}") = "MemTools", "MemTools\MemTools.vcxproj", "{3CE78930-8418-48F5-86D8-FBA7D1A02042}"
EndProject
Global
	GlobalSection(SolutionConfigurationPlatforms) = preSolution
		Debug|x64 = Debug|x64
		Debug|x86 = Debug|x86
		Release|x64 = Release|x64
		Release|x86 = Release|x86
	EndGlobalSection
	GlobalSection(ProjectConfigurationPlatforms) = postSolution
		{3CE78930-8418-48F5-86D8-FBA7D1A02042}.Debug|x64.ActiveCfg = Debug|x64
		{3CE78930-8418-48F5-86D8-FBA7D1A02042}.Debug|x64.Build.0 = Debug|x64
		{3CE78930-8418-48F5-86D8-FBA7D1A02042}.Debug|x86.ActiveCfg = Debug|Win32
		{3CE78930-8418-48F5-86D8-FBA7D1A02042}.Debug|x86.Build.0 = Debug|Win32
		{3CE78930-8418-48F5-86D8-FBA7D1A02042}.Release|x64.ActiveCfg = Release|x64
		{3CE78930-8418-48F5-86D8-FBA7D1A02042}.Release|x64.Build.0 = Release|x64
		{3CE78930-8418-48F5-86D8-FBA7D1A02042}.Release|x86.ActiveCfg = Release|Win32
		{3CE78930-8418-48F5-86D8-FBA7D1A02042}.Release|x86.Build.0 = Release|Win32
	EndGlobalSection
	GlobalSection(SolutionProperties) = preSolution
		HideSolutionNode = FALSE
	EndGlobalSection
	GlobalSection(ExtensibilityGlobals) = postSolution
		SolutionGuid = {F531C6B4-EA44-4C82-A3A5-5C9525FCB07D}
	EndGlobalSection
EndGlobal
